// !$*UTF8*$!
{
	archiveVersion = 1;
	classes = {
	};
	objectVersion = 56;
	objects = {

/* Begin PBXBuildFile section */
		1538BC632965A59300AF3EAD /* musicViewController.swift in Sources */ = {isa = PBXBuildFile; fileRef = 1538BC622965A59300AF3EAD /* musicViewController.swift */; };
		1538BC662965AB4000AF3EAD /* topicCollectionViewCell.swift in Sources */ = {isa = PBXBuildFile; fileRef = 1538BC642965AB4000AF3EAD /* topicCollectionViewCell.swift */; };
		1538BC672965AB4000AF3EAD /* topicCollectionViewCell.xib in Resources */ = {isa = PBXBuildFile; fileRef = 1538BC652965AB4000AF3EAD /* topicCollectionViewCell.xib */; };
		1538BC6A2965AB9C00AF3EAD /* localcoverinfoCollectionViewCell.swift in Sources */ = {isa = PBXBuildFile; fileRef = 1538BC682965AB9C00AF3EAD /* localcoverinfoCollectionViewCell.swift */; };
		1538BC6B2965AB9C00AF3EAD /* localcoverinfoCollectionViewCell.xib in Resources */ = {isa = PBXBuildFile; fileRef = 1538BC692965AB9C00AF3EAD /* localcoverinfoCollectionViewCell.xib */; };
		158A84402965802800950B4F /* AppDelegate.swift in Sources */ = {isa = PBXBuildFile; fileRef = 158A843F2965802800950B4F /* AppDelegate.swift */; };
		158A84422965802800950B4F /* SceneDelegate.swift in Sources */ = {isa = PBXBuildFile; fileRef = 158A84412965802800950B4F /* SceneDelegate.swift */; };
		158A84442965802800950B4F /* ViewController.swift in Sources */ = {isa = PBXBuildFile; fileRef = 158A84432965802800950B4F /* ViewController.swift */; };
		158A84472965802800950B4F /* Main.storyboard in Resources */ = {isa = PBXBuildFile; fileRef = 158A84452965802800950B4F /* Main.storyboard */; };
		158A84492965802900950B4F /* Assets.xcassets in Resources */ = {isa = PBXBuildFile; fileRef = 158A84482965802900950B4F /* Assets.xcassets */; };
		158A844C2965802900950B4F /* LaunchScreen.storyboard in Resources */ = {isa = PBXBuildFile; fileRef = 158A844A2965802900950B4F /* LaunchScreen.storyboard */; };
		15CE1B8A2965B2D80094BEB0 /* ScrollCardCollectionViewLayout.swift in Sources */ = {isa = PBXBuildFile; fileRef = 15CE1B892965B2D80094BEB0 /* ScrollCardCollectionViewLayout.swift */; };
		15CE1B8C2965BFB60094BEB0 /* Topic.swift in Sources */ = {isa = PBXBuildFile; fileRef = 15CE1B8B2965BFB60094BEB0 /* Topic.swift */; };
/* End PBXBuildFile section */

/* Begin PBXFileReference section */
		1538BC622965A59300AF3EAD /* musicViewController.swift */ = {isa = PBXFileReference; lastKnownFileType = sourcecode.swift; path = musicViewController.swift; sourceTree = "<group>"; };
		1538BC642965AB4000AF3EAD /* topicCollectionViewCell.swift */ = {isa = PBXFileReference; lastKnownFileType = sourcecode.swift; path = topicCollectionViewCell.swift; sourceTree = "<group>"; };
		1538BC652965AB4000AF3EAD /* topicCollectionViewCell.xib */ = {isa = PBXFileReference; lastKnownFileType = file.xib; path = topicCollectionViewCell.xib; sourceTree = "<group>"; };
		1538BC682965AB9C00AF3EAD /* localcoverinfoCollectionViewCell.swift */ = {isa = PBXFileReference; lastKnownFileType = sourcecode.swift; path = localcoverinfoCollectionViewCell.swift; sourceTree = "<group>"; };
		1538BC692965AB9C00AF3EAD /* localcoverinfoCollectionViewCell.xib */ = {isa = PBXFileReference; lastKnownFileType = file.xib; path = localcoverinfoCollectionViewCell.xib; sourceTree = "<group>"; };
		158A843C2965802800950B4F /* podCasts.app */ = {isa = PBXFileReference; explicitFileType = wrapper.application; includeInIndex = 0; path = podCasts.app; sourceTree = BUILT_PRODUCTS_DIR; };
		158A843F2965802800950B4F /* AppDelegate.swift */ = {isa = PBXFileReference; lastKnownFileType = sourcecode.swift; path = AppDelegate.swift; sourceTree = "<group>"; };
		158A84412965802800950B4F /* SceneDelegate.swift */ = {isa = PBXFileReference; lastKnownFileType = sourcecode.swift; path = SceneDelegate.swift; sourceTree = "<group>"; };
		158A84432965802800950B4F /* ViewController.swift */ = {isa = PBXFileReference; lastKnownFileType = sourcecode.swift; path = ViewController.swift; sourceTree = "<group>"; };
		158A84462965802800950B4F /* Base */ = {isa = PBXFileReference; lastKnownFileType = file.storyboard; name = Base; path = Base.lproj/Main.storyboard; sourceTree = "<group>"; };
		158A84482965802900950B4F /* Assets.xcassets */ = {isa = PBXFileReference; lastKnownFileType = folder.assetcatalog; path = Assets.xcassets; sourceTree = "<group>"; };
		158A844B2965802900950B4F /* Base */ = {isa = PBXFileReference; lastKnownFileType = file.storyboard; name = Base; path = Base.lproj/LaunchScreen.storyboard; sourceTree = "<group>"; };
		158A844D2965802900950B4F /* Info.plist */ = {isa = PBXFileReference; lastKnownFileType = text.plist.xml; path = Info.plist; sourceTree = "<group>"; };
		15CE1B892965B2D80094BEB0 /* ScrollCardCollectionViewLayout.swift */ = {isa = PBXFileReference; lastKnownFileType = sourcecode.swift; path = ScrollCardCollectionViewLayout.swift; sourceTree = "<group>"; };
		15CE1B8B2965BFB60094BEB0 /* Topic.swift */ = {isa = PBXFileReference; lastKnownFileType = sourcecode.swift; path = Topic.swift; sourceTree = "<group>"; };
/* End PBXFileReference section */

/* Begin PBXFrameworksBuildPhase section */
		158A84392965802800950B4F /* Frameworks */ = {
			isa = PBXFrameworksBuildPhase;
			buildActionMask = 2147483647;
			files = (
			);
			runOnlyForDeploymentPostprocessing = 0;
		};
/* End PBXFrameworksBuildPhase section */

/* Begin PBXGroup section */
		1538BC6C2965B23800AF3EAD /* CollectionViewLayout */ = {
			isa = PBXGroup;
			children = (
				15CE1B892965B2D80094BEB0 /* ScrollCardCollectionViewLayout.swift */,
			);
			path = CollectionViewLayout;
			sourceTree = "<group>";
		};
		158A84332965802800950B4F = {
			isa = PBXGroup;
			children = (
				158A843E2965802800950B4F /* podCasts */,
				158A843D2965802800950B4F /* Products */,
			);
			sourceTree = "<group>";
		};
		158A843D2965802800950B4F /* Products */ = {
			isa = PBXGroup;
			children = (
				158A843C2965802800950B4F /* podCasts.app */,
			);
			name = Products;
			sourceTree = "<group>";
		};
		158A843E2965802800950B4F /* podCasts */ = {
			isa = PBXGroup;
			children = (
				1538BC6C2965B23800AF3EAD /* CollectionViewLayout */,
				158A843F2965802800950B4F /* AppDelegate.swift */,
				158A84412965802800950B4F /* SceneDelegate.swift */,
				158A84432965802800950B4F /* ViewController.swift */,
				1538BC682965AB9C00AF3EAD /* localcoverinfoCollectionViewCell.swift */,
				1538BC692965AB9C00AF3EAD /* localcoverinfoCollectionViewCell.xib */,
				1538BC622965A59300AF3EAD /* musicViewController.swift */,
				158A84452965802800950B4F /* Main.storyboard */,
				15CE1B8B2965BFB60094BEB0 /* Topic.swift */,
				158A84482965802900950B4F /* Assets.xcassets */,
				158A844A2965802900950B4F /* LaunchScreen.storyboard */,
				158A844D2965802900950B4F /* Info.plist */,
				1538BC642965AB4000AF3EAD /* topicCollectionViewCell.swift */,
				1538BC652965AB4000AF3EAD /* topicCollectionViewCell.xib */,
			);
			path = podCasts;
			sourceTree = "<group>";
		};
/* End PBXGroup section */

/* Begin PBXNativeTarget section */
		158A843B2965802800950B4F /* podCasts */ = {
			isa = PBXNativeTarget;
			buildConfigurationList = 158A84502965802900950B4F /* Build configuration list for PBXNativeTarget "podCasts" */;
			buildPhases = (
				158A84382965802800950B4F /* Sources */,
				158A84392965802800950B4F /* Frameworks */,
				158A843A2965802800950B4F /* Resources */,
			);
			buildRules = (
			);
			dependencies = (
			);
			name = podCasts;
			productName = podCasts;
			productReference = 158A843C2965802800950B4F /* podCasts.app */;
			productType = "com.apple.product-type.application";
		};
/* End PBXNativeTarget section */

/* Begin PBXProject section */
		158A84342965802800950B4F /* Project object */ = {
			isa = PBXProject;
			attributes = {
				BuildIndependentTargetsInParallel = 1;
				LastSwiftUpdateCheck = 1410;
				LastUpgradeCheck = 1410;
				TargetAttributes = {
					158A843B2965802800950B4F = {
						CreatedOnToolsVersion = 14.1;
					};
				};
			};
			buildConfigurationList = 158A84372965802800950B4F /* Build configuration list for PBXProject "podCasts" */;
			compatibilityVersion = "Xcode 14.0";
			developmentRegion = en;
			hasScannedForEncodings = 0;
			knownRegions = (
				en,
				Base,
			);
			mainGroup = 158A84332965802800950B4F;
			productRefGroup = 158A843D2965802800950B4F /* Products */;
			projectDirPath = "";
			projectRoot = "";
			targets = (
				158A843B2965802800950B4F /* podCasts */,
			);
		};
/* End PBXProject section */

/* Begin PBXResourcesBuildPhase section */
		158A843A2965802800950B4F /* Resources */ = {
			isa = PBXResourcesBuildPhase;
			buildActionMask = 2147483647;
			files = (
				1538BC6B2965AB9C00AF3EAD /* localcoverinfoCollectionViewCell.xib in Resources */,
				158A844C2965802900950B4F /* LaunchScreen.storyboard in Resources */,
				158A84492965802900950B4F /* Assets.xcassets in Resources */,
				1538BC672965AB4000AF3EAD /* topicCollectionViewCell.xib in Resources */,
				158A84472965802800950B4F /* Main.storyboard in Resources */,
			);
			runOnlyForDeploymentPostprocessing = 0;
		};
/* End PBXResourcesBuildPhase section */

/* Begin PBXSourcesBuildPhase section */
		158A84382965802800950B4F /* Sources */ = {
			isa = PBXSourcesBuildPhase;
			buildActionMask = 2147483647;
			files = (
				1538BC6A2965AB9C00AF3EAD /* localcoverinfoCollectionViewCell.swift in Sources */,
				1538BC662965AB4000AF3EAD /* topicCollectionViewCell.swift in Sources */,
				1538BC632965A59300AF3EAD /* musicViewController.swift in Sources */,
				15CE1B8A2965B2D80094BEB0 /* ScrollCardCollectionViewLayout.swift in Sources */,
				158A84442965802800950B4F /* ViewController.swift in Sources */,
				15CE1B8C2965BFB60094BEB0 /* Topic.swift in Sources */,
				158A84402965802800950B4F /* AppDelegate.swift in Sources */,
				158A84422965802800950B4F /* SceneDelegate.swift in Sources */,
			);
			runOnlyForDeploymentPostprocessing = 0;
		};
/* End PBXSourcesBuildPhase section */

/* Begin PBXVariantGroup section */
		158A84452965802800950B4F /* Main.storyboard */ = {
			isa = PBXVariantGroup;
			children = (
				158A84462965802800950B4F /* Base */,
			);
			name = Main.storyboard;
			sourceTree = "<group>";
		};
		158A844A2965802900950B4F /* LaunchScreen.storyboard */ = {
			isa = PBXVariantGroup;
			children = (
				158A844B2965802900950B4F /* Base */,
			);
			name = LaunchScreen.storyboard;
			sourceTree = "<group>";
		};
/* End PBXVariantGroup section */

/* Begin XCBuildConfiguration section */
		158A844E2965802900950B4F /* Debug */ = {
			isa = XCBuildConfiguration;
			buildSettings = {
				ALWAYS_SEARCH_USER_PATHS = NO;
				CLANG_ANALYZER_NONNULL = YES;
				CLANG_ANALYZER_NUMBER_OBJECT_CONVERSION = YES_AGGRESSIVE;
				CLANG_CXX_LANGUAGE_STANDARD = "gnu++20";
				CLANG_ENABLE_MODULES = YES;
				CLANG_ENABLE_OBJC_ARC = YES;
				CLANG_ENABLE_OBJC_WEAK = YES;
				CLANG_WARN_BLOCK_CAPTURE_AUTORELEASING = YES;
				CLANG_WARN_BOOL_CONVERSION = YES;
				CLANG_WARN_COMMA = YES;
				CLANG_WARN_CONSTANT_CONVERSION = YES;
				CLANG_WARN_DEPRECATED_OBJC_IMPLEMENTATIONS = YES;
				CLANG_WARN_DIRECT_OBJC_ISA_USAGE = YES_ERROR;
				CLANG_WARN_DOCUMENTATION_COMMENTS = YES;
				CLANG_WARN_EMPTY_BODY = YES;
				CLANG_WARN_ENUM_CONVERSION = YES;
				CLANG_WARN_INFINITE_RECURSION = YES;
				CLANG_WARN_INT_CONVERSION = YES;
				CLANG_WARN_NON_LITERAL_NULL_CONVERSION = YES;
				CLANG_WARN_OBJC_IMPLICIT_RETAIN_SELF = YES;
				CLANG_WARN_OBJC_LITERAL_CONVERSION = YES;
				CLANG_WARN_OBJC_ROOT_CLASS = YES_ERROR;
				CLANG_WARN_QUOTED_INCLUDE_IN_FRAMEWORK_HEADER = YES;
				CLANG_WARN_RANGE_LOOP_ANALYSIS = YES;
				CLANG_WARN_STRICT_PROTOTYPES = YES;
				CLANG_WARN_SUSPICIOUS_MOVE = YES;
				CLANG_WARN_UNGUARDED_AVAILABILITY = YES_AGGRESSIVE;
				CLANG_WARN_UNREACHABLE_CODE = YES;
				CLANG_WARN__DUPLICATE_METHOD_MATCH = YES;
				COPY_PHASE_STRIP = NO;
				DEBUG_INFORMATION_FORMAT = dwarf;
				ENABLE_STRICT_OBJC_MSGSEND = YES;
				ENABLE_TESTABILITY = YES;
				GCC_C_LANGUAGE_STANDARD = gnu11;
				GCC_DYNAMIC_NO_PIC = NO;
				GCC_NO_COMMON_BLOCKS = YES;
				GCC_OPTIMIZATION_LEVEL = 0;
				GCC_PREPROCESSOR_DEFINITIONS = (
					"DEBUG=1",
					"$(inherited)",
				);
				GCC_WARN_64_TO_32_BIT_CONVERSION = YES;
				GCC_WARN_ABOUT_RETURN_TYPE = YES_ERROR;
				GCC_WARN_UNDECLARED_SELECTOR = YES;
				GCC_WARN_UNINITIALIZED_AUTOS = YES_AGGRESSIVE;
				GCC_WARN_UNUSED_FUNCTION = YES;
				GCC_WARN_UNUSED_VARIABLE = YES;
				IPHONEOS_DEPLOYMENT_TARGET = 16.1;
				MTL_ENABLE_DEBUG_INFO = INCLUDE_SOURCE;
				MTL_FAST_MATH = YES;
				ONLY_ACTIVE_ARCH = YES;
				SDKROOT = iphoneos;
				SWIFT_ACTIVE_COMPILATION_CONDITIONS = DEBUG;
				SWIFT_OPTIMIZATION_LEVEL = "-Onone";
			};
			name = Debug;
		};
		158A844F2965802900950B4F /* Release */ = {
			isa = XCBuildConfiguration;
			buildSettings = {
				ALWAYS_SEARCH_USER_PATHS = NO;
				CLANG_ANALYZER_NONNULL = YES;
				CLANG_ANALYZER_NUMBER_OBJECT_CONVERSION = YES_AGGRESSIVE;
				CLANG_CXX_LANGUAGE_STANDARD = "gnu++20";
				CLANG_ENABLE_MODULES = YES;
				CLANG_ENABLE_OBJC_ARC = YES;
				CLANG_ENABLE_OBJC_WEAK = YES;
				CLANG_WARN_BLOCK_CAPTURE_AUTORELEASING = YES;
				CLANG_WARN_BOOL_CONVERSION = YES;
				CLANG_WARN_COMMA = YES;
				CLANG_WARN_CONSTANT_CONVERSION = YES;
				CLANG_WARN_DEPRECATED_OBJC_IMPLEMENTATIONS = YES;
				CLANG_WARN_DIRECT_OBJC_ISA_USAGE = YES_ERROR;
				CLANG_WARN_DOCUMENTATION_COMMENTS = YES;
				CLANG_WARN_EMPTY_BODY = YES;
				CLANG_WARN_ENUM_CONVERSION = YES;
				CLANG_WARN_INFINITE_RECURSION = YES;
				CLANG_WARN_INT_CONVERSION = YES;
				CLANG_WARN_NON_LITERAL_NULL_CONVERSION = YES;
				CLANG_WARN_OBJC_IMPLICIT_RETAIN_SELF = YES;
				CLANG_WARN_OBJC_LITERAL_CONVERSION = YES;
				CLANG_WARN_OBJC_ROOT_CLASS = YES_ERROR;
				CLANG_WARN_QUOTED_INCLUDE_IN_FRAMEWORK_HEADER = YES;
				CLANG_WARN_RANGE_LOOP_ANALYSIS = YES;
				CLANG_WARN_STRICT_PROTOTYPES = YES;
				CLANG_WARN_SUSPICIOUS_MOVE = YES;
				CLANG_WARN_UNGUARDED_AVAILABILITY = YES_AGGRESSIVE;
				CLANG_WARN_UNREACHABLE_CODE = YES;
				CLANG_WARN__DUPLICATE_METHOD_MATCH = YES;
				COPY_PHASE_STRIP = NO;
				DEBUG_INFORMATION_FORMAT = "dwarf-with-dsym";
				ENABLE_NS_ASSERTIONS = NO;
				ENABLE_STRICT_OBJC_MSGSEND = YES;
				GCC_C_LANGUAGE_STANDARD = gnu11;
				GCC_NO_COMMON_BLOCKS = YES;
				GCC_WARN_64_TO_32_BIT_CONVERSION = YES;
				GCC_WARN_ABOUT_RETURN_TYPE = YES_ERROR;
				GCC_WARN_UNDECLARED_SELECTOR = YES;
				GCC_WARN_UNINITIALIZED_AUTOS = YES_AGGRESSIVE;
				GCC_WARN_UNUSED_FUNCTION = YES;
				GCC_WARN_UNUSED_VARIABLE = YES;
				IPHONEOS_DEPLOYMENT_TARGET = 16.1;
				MTL_ENABLE_DEBUG_INFO = NO;
				MTL_FAST_MATH = YES;
				SDKROOT = iphoneos;
				SWIFT_COMPILATION_MODE = wholemodule;
				SWIFT_OPTIMIZATION_LEVEL = "-O";
				VALIDATE_PRODUCT = YES;
			};
			name = Release;
		};
		158A84512965802900950B4F /* Debug */ = {
			isa = XCBuildConfiguration;
			buildSettings = {
				ASSETCATALOG_COMPILER_APPICON_NAME = AppIcon;
				ASSETCATALOG_COMPILER_GLOBAL_ACCENT_COLOR_NAME = AccentColor;
				CODE_SIGN_STYLE = Automatic;
				CURRENT_PROJECT_VERSION = 1;
				DEVELOPMENT_TEAM = KH9MT2XX5D;
				GENERATE_INFOPLIST_FILE = YES;
				INFOPLIST_FILE = podCasts/Info.plist;
				INFOPLIST_KEY_UIApplicationSupportsIndirectInputEvents = YES;
				INFOPLIST_KEY_UILaunchStoryboardName = LaunchScreen;
				INFOPLIST_KEY_UIMainStoryboardFile = Main;
				INFOPLIST_KEY_UISupportedInterfaceOrientations_iPad = "UIInterfaceOrientationPortrait UIInterfaceOrientationPortraitUpsideDown UIInterfaceOrientationLandscapeLeft UIInterfaceOrientationLandscapeRight";
				INFOPLIST_KEY_UISupportedInterfaceOrientations_iPhone = "UIInterfaceOrientationPortrait UIInterfaceOrientationLandscapeLeft UIInterfaceOrientationLandscapeRight";
				IPHONEOS_DEPLOYMENT_TARGET = 15.0;
				LD_RUNPATH_SEARCH_PATHS = (
					"$(inherited)",
					"@executable_path/Frameworks",
				);
				MARKETING_VERSION = 1.0;
				PRODUCT_BUNDLE_IDENTIFIER = "PEPUL-TECH-PRIVATE-LIMITED.podCasts";
				PRODUCT_NAME = "$(TARGET_NAME)";
				SWIFT_EMIT_LOC_STRINGS = YES;
				SWIFT_VERSION = 5.0;
				TARGETED_DEVICE_FAMILY = "1,2";
			};
			name = Debug;
		};
		158A84522965802900950B4F /* Release */ = {
			isa = XCBuildConfiguration;
			buildSettings = {
				ASSETCATALOG_COMPILER_APPICON_NAME = AppIcon;
				ASSETCATALOG_COMPILER_GLOBAL_ACCENT_COLOR_NAME = AccentColor;
				CODE_SIGN_STYLE = Automatic;
				CURRENT_PROJECT_VERSION = 1;
				DEVELOPMENT_TEAM = KH9MT2XX5D;
				GENERATE_INFOPLIST_FILE = YES;
				INFOPLIST_FILE = podCasts/Info.plist;
				INFOPLIST_KEY_UIApplicationSupportsIndirectInputEvents = YES;
				INFOPLIST_KEY_UILaunchStoryboardName = LaunchScreen;
				INFOPLIST_KEY_UIMainStoryboardFile = Main;
				INFOPLIST_KEY_UISupportedInterfaceOrientations_iPad = "UIInterfaceOrientationPortrait UIInterfaceOrientationPortraitUpsideDown UIInterfaceOrientationLandscapeLeft UIInterfaceOrientationLandscapeRight";
				INFOPLIST_KEY_UISupportedInterfaceOrientations_iPhone = "UIInterfaceOrientationPortrait UIInterfaceOrientationLandscapeLeft UIInterfaceOrientationLandscapeRight";
				IPHONEOS_DEPLOYMENT_TARGET = 15.0;
				LD_RUNPATH_SEARCH_PATHS = (
					"$(inherited)",
					"@executable_path/Frameworks",
				);
				MARKETING_VERSION = 1.0;
				PRODUCT_BUNDLE_IDENTIFIER = "PEPUL-TECH-PRIVATE-LIMITED.podCasts";
				PRODUCT_NAME = "$(TARGET_NAME)";
				SWIFT_EMIT_LOC_STRINGS = YES;
				SWIFT_VERSION = 5.0;
				TARGETED_DEVICE_FAMILY = "1,2";
			};
			name = Release;
		};
/* End XCBuildConfiguration section */

/* Begin XCConfigurationList section */
		158A84372965802800950B4F /* Build configuration list for PBXProject "podCasts" */ = {
			isa = XCConfigurationList;
			buildConfigurations = (
				158A844E2965802900950B4F /* Debug */,
				158A844F2965802900950B4F /* Release */,
			);
			defaultConfigurationIsVisible = 0;
			defaultConfigurationName = Release;
		};
		158A84502965802900950B4F /* Build configuration list for PBXNativeTarget "podCasts" */ = {
			isa = XCConfigurationList;
			buildConfigurations = (
				158A84512965802900950B4F /* Debug */,
				158A84522965802900950B4F /* Release */,
			);
			defaultConfigurationIsVisible = 0;
			defaultConfigurationName = Release;
		};
/* End XCConfigurationList section */
	};
	rootObject = 158A84342965802800950B4F /* Project object */;
}
